
Microsoft Visual Studio Solution File, Format Version 12.00
# Visual Studio Version 16
VisualStudioVersion = 16.0.30413.136
MinimumVisualStudioVersion = 10.0.40219.1
Project("{888888A0-9F3D-457C-B088-3A5042F75D52}") = "Assignment 02", "Assignment 02\Assignment 02.pyproj", "{77638C3C-AC6A-4913-A8E1-15AB71C4FFF5}"
EndProject
Global
	GlobalSection(SolutionConfigurationPlatforms) = preSolution
		Debug|Any CPU = Debug|Any CPU
		Release|Any CPU = Release|Any CPU
	EndGlobalSection
	GlobalSection(ProjectConfigurationPlatforms) = postSolution
		{77638C3C-AC6A-4913-A8E1-15AB71C4FFF5}.Debug|Any CPU.ActiveCfg = Debug|Any CPU
		{77638C3C-AC6A-4913-A8E1-15AB71C4FFF5}.Release|Any CPU.ActiveCfg = Release|Any CPU
	EndGlobalSection
	GlobalSection(SolutionProperties) = preSolution
		HideSolutionNode = FALSE
	EndGlobalSection
	GlobalSection(ExtensibilityGlobals) = postSolution
		SolutionGuid = {E54276E1-5B7E-449B-A3A5-69874AAC6FEA}
	EndGlobalSection
EndGlobal
